
Microsoft Visual Studio Solution File, Format Version 12.00
# Visual Studio Version 16
VisualStudioVersion = 16.0.29728.190
MinimumVisualStudioVersion = 10.0.40219.1
Project("{FAE04EC0-301F-11D3-BF4B-00C04F79EFBC}") = "GenericCollections1", "GenericCollections1\GenericCollections1.csproj", "{A376EF70-D261-4A93-BB26-649F74633FEB}"
EndProject
Global
	GlobalSection(SolutionConfigurationPlatforms) = preSolution
		Debug|Any CPU = Debug|Any CPU
		Release|Any CPU = Release|Any CPU
	EndGlobalSection
	GlobalSection(ProjectConfigurationPlatforms) = postSolution
		{A376EF70-D261-4A93-BB26-649F74633FEB}.Debug|Any CPU.ActiveCfg = Debug|Any CPU
		{A376EF70-D261-4A93-BB26-649F74633FEB}.Debug|Any CPU.Build.0 = Debug|Any CPU
		{A376EF70-D261-4A93-BB26-649F74633FEB}.Release|Any CPU.ActiveCfg = Release|Any CPU
		{A376EF70-D261-4A93-BB26-649F74633FEB}.Release|Any CPU.Build.0 = Release|Any CPU
	EndGlobalSection
	GlobalSection(SolutionProperties) = preSolution
		HideSolutionNode = FALSE
	EndGlobalSection
	GlobalSection(ExtensibilityGlobals) = postSolution
		SolutionGuid = {7DE3403E-22E3-48E8-B64F-9067BE74C1D2}
	EndGlobalSection
EndGlobal
